// !$*UTF8*$!
{
	archiveVersion = 1;
	classes = {
	};
	objectVersion = 77;
	objects = {

/* Begin PBXBuildFile section */
		02A463072A6594D4DFFFA091 /* PermissionBannerView.swift in Sources */ = {isa = PBXBuildFile; fileRef = 9AABB5A5B4D8FAAAB0657EB5 /* PermissionBannerView.swift */; };
		082C30301E16F666593C8122 /* EditorialOnboardingView.swift in Sources */ = {isa = PBXBuildFile; fileRef = 10F3163AF5FF0449464E85D2 /* EditorialOnboardingView.swift */; };
		0BC4378EC9D6DA6EF4976726 /* HealthDetailView.swift in Sources */ = {isa = PBXBuildFile; fileRef = 5DDC170C34A4EF2F9E770624 /* HealthDetailView.swift */; };
		1B2E78F66602838584AC2864 /* DashboardView.swift in Sources */ = {isa = PBXBuildFile; fileRef = CD9CCDD8BC1F05D3F64A7992 /* DashboardView.swift */; };
		2915E882B297A7B6DDC4CE11 /* DispatchThread.swift in Sources */ = {isa = PBXBuildFile; fileRef = 8C2222D1ECB14B14A059D481 /* DispatchThread.swift */; };
		2AFDDE94090C3D9B5687B52C /* TrackingConfiguration.swift in Sources */ = {isa = PBXBuildFile; fileRef = 3E346E61B87FBF95529DFA97 /* TrackingConfiguration.swift */; };
		2E75C045551A8FF00EAB09BF /* LocationStore.swift in Sources */ = {isa = PBXBuildFile; fileRef = 3231767A4F3C749850EDCD51 /* LocationStore.swift */; };
		391D0DF35B83873766C5DE76 /* MetricTileView.swift in Sources */ = {isa = PBXBuildFile; fileRef = 655FC160BE3D9698CE13C341 /* MetricTileView.swift */; };
		39533FEBD10F0D1AA79BD1FB /* AppDiagnosticEvent.swift in Sources */ = {isa = PBXBuildFile; fileRef = 485A91DA6EC9A98E1AF9027B /* AppDiagnosticEvent.swift */; };
		3C4B1B6861FEC87882AB44F9 /* LocationRecord.swift in Sources */ = {isa = PBXBuildFile; fileRef = CC4FF56BB8CDA7A346691612 /* LocationRecord.swift */; };
		4006B37325696A198594068F /* EditorialLoadingView.swift in Sources */ = {isa = PBXBuildFile; fileRef = C9CA33808A50BEF00B6C2338 /* EditorialLoadingView.swift */; };
		425C3943A223A2A6B851E29D /* AppDelegate.swift in Sources */ = {isa = PBXBuildFile; fileRef = 158496746D6DB3BF103D99F3 /* AppDelegate.swift */; };
		480E74AD265AED43BD4171C4 /* HealthOverviewCard.swift in Sources */ = {isa = PBXBuildFile; fileRef = 57511556AE5269E42E5009D8 /* HealthOverviewCard.swift */; };
		4C558C0FE3B3C778EA833664 /* MainTabView.swift in Sources */ = {isa = PBXBuildFile; fileRef = A76C9B08427B07439AE47D1E /* MainTabView.swift */; };
		5BD3F7A90AC5977112B1565E /* PlacesStore.swift in Sources */ = {isa = PBXBuildFile; fileRef = 3598323BB305AA350E1DCC0E /* PlacesStore.swift */; };
		5DF60949E493F4422C547FE3 /* PlacesView.swift in Sources */ = {isa = PBXBuildFile; fileRef = 0EFE0931FA7D1F772DF2DA51 /* PlacesView.swift */; };
		6FAABD5A3125E1D0FE9A82F0 /* HermesCompanionApp.swift in Sources */ = {isa = PBXBuildFile; fileRef = DA5FEEEFC2590B1CFF74C949 /* HermesCompanionApp.swift */; };
		7967632A74989A6A5B219DBF /* BackgroundTaskManager.swift in Sources */ = {isa = PBXBuildFile; fileRef = C1CCEDA5B4EA8AC59750808B /* BackgroundTaskManager.swift */; };
		80F8DCBE2B689E3DAB128D47 /* LocationRowView.swift in Sources */ = {isa = PBXBuildFile; fileRef = 70997C2DFDCBB92162F22A42 /* LocationRowView.swift */; };
		8D1C50BEA55F8A9624F06270 /* HealthSnapshot.swift in Sources */ = {isa = PBXBuildFile; fileRef = 3D31B68B16CFA0619FB293A5 /* HealthSnapshot.swift */; };
		8E2FEC7B43A3250163CFF287 /* ICloudAccountBannerView.swift in Sources */ = {isa = PBXBuildFile; fileRef = 41936FF57240EAB288E175C2 /* ICloudAccountBannerView.swift */; };
		942C65960E512ECFDCAF7F75 /* AgentProfile.swift in Sources */ = {isa = PBXBuildFile; fileRef = 43FE4F61A1294A9F4688DF15 /* AgentProfile.swift */; };
		AB05082DE43399C35A507360 /* SettingsView.swift in Sources */ = {isa = PBXBuildFile; fileRef = C8F99D2373E2B88B93E58B81 /* SettingsView.swift */; };
		AF8096125F0073D4D8DB9B82 /* HealthKitManager.swift in Sources */ = {isa = PBXBuildFile; fileRef = 2187FF074AF20A5A8489B88E /* HealthKitManager.swift */; };
		C7CD349E260C56EA76CBB3CD /* Assets.xcassets in Resources */ = {isa = PBXBuildFile; fileRef = ACD3FF5E5C9AE57B0F7C65B5 /* Assets.xcassets */; };
		DD2E34F805F40022995F2DB8 /* LocationManager.swift in Sources */ = {isa = PBXBuildFile; fileRef = C691BD9A582EDEE8459543D6 /* LocationManager.swift */; };
		E29462E6F149BCCD9C12C5F3 /* EditorialDesignSystem.swift in Sources */ = {isa = PBXBuildFile; fileRef = 877A2ABB264BA461E7E6175D /* EditorialDesignSystem.swift */; };
		E49D6E26EADC4F184C331174 /* StatusCardView.swift in Sources */ = {isa = PBXBuildFile; fileRef = 6E9910DB1DD2868FFFE04B8F /* StatusCardView.swift */; };
		E4CC7A7DDD493988799DE7E8 /* Place.swift in Sources */ = {isa = PBXBuildFile; fileRef = 6EE1AA760E50DB0121FFAFC3 /* Place.swift */; };
		E50B06B300899EE43F70AA19 /* HistoryLogView.swift in Sources */ = {isa = PBXBuildFile; fileRef = 199001EF17CEBCAEA2655885 /* HistoryLogView.swift */; };
		F0A80981BBC8B6168E73D9A4 /* CloudKitSyncManager.swift in Sources */ = {isa = PBXBuildFile; fileRef = F3F837EEC8319BE295D0739B /* CloudKitSyncManager.swift */; };
		F418CFCA68ECF5CE891DF8CE /* PostInboxView.swift in Sources */ = {isa = PBXBuildFile; fileRef = 296A94CAC0FCF9081E2CB40E /* PostInboxView.swift */; };
		F632412B12E981840D40C4C8 /* DispatchStore.swift in Sources */ = {isa = PBXBuildFile; fileRef = 85E88E858A8A67B535254A02 /* DispatchStore.swift */; };
/* End PBXBuildFile section */

/* Begin PBXFileReference section */
		0EFE0931FA7D1F772DF2DA51 /* PlacesView.swift */ = {isa = PBXFileReference; lastKnownFileType = sourcecode.swift; path = PlacesView.swift; sourceTree = "<group>"; };
		10F3163AF5FF0449464E85D2 /* EditorialOnboardingView.swift */ = {isa = PBXFileReference; lastKnownFileType = sourcecode.swift; path = EditorialOnboardingView.swift; sourceTree = "<group>"; };
		158496746D6DB3BF103D99F3 /* AppDelegate.swift */ = {isa = PBXFileReference; lastKnownFileType = sourcecode.swift; path = AppDelegate.swift; sourceTree = "<group>"; };
		199001EF17CEBCAEA2655885 /* HistoryLogView.swift */ = {isa = PBXFileReference; lastKnownFileType = sourcecode.swift; path = HistoryLogView.swift; sourceTree = "<group>"; };
		2187FF074AF20A5A8489B88E /* HealthKitManager.swift */ = {isa = PBXFileReference; lastKnownFileType = sourcecode.swift; path = HealthKitManager.swift; sourceTree = "<group>"; };
		296A94CAC0FCF9081E2CB40E /* PostInboxView.swift */ = {isa = PBXFileReference; lastKnownFileType = sourcecode.swift; path = PostInboxView.swift; sourceTree = "<group>"; };
		3231767A4F3C749850EDCD51 /* LocationStore.swift */ = {isa = PBXFileReference; lastKnownFileType = sourcecode.swift; path = LocationStore.swift; sourceTree = "<group>"; };
		3598323BB305AA350E1DCC0E /* PlacesStore.swift */ = {isa = PBXFileReference; lastKnownFileType = sourcecode.swift; path = PlacesStore.swift; sourceTree = "<group>"; };
		3D31B68B16CFA0619FB293A5 /* HealthSnapshot.swift */ = {isa = PBXFileReference; lastKnownFileType = sourcecode.swift; path = HealthSnapshot.swift; sourceTree = "<group>"; };
		3E346E61B87FBF95529DFA97 /* TrackingConfiguration.swift */ = {isa = PBXFileReference; lastKnownFileType = sourcecode.swift; path = TrackingConfiguration.swift; sourceTree = "<group>"; };
		41936FF57240EAB288E175C2 /* ICloudAccountBannerView.swift */ = {isa = PBXFileReference; lastKnownFileType = sourcecode.swift; path = ICloudAccountBannerView.swift; sourceTree = "<group>"; };
		43FE4F61A1294A9F4688DF15 /* AgentProfile.swift */ = {isa = PBXFileReference; lastKnownFileType = sourcecode.swift; path = AgentProfile.swift; sourceTree = "<group>"; };
		482DFD3630EAAC5A5D148E16 /* HermesCompanion.entitlements */ = {isa = PBXFileReference; lastKnownFileType = text.plist.entitlements; path = HermesCompanion.entitlements; sourceTree = "<group>"; };
		485A91DA6EC9A98E1AF9027B /* AppDiagnosticEvent.swift */ = {isa = PBXFileReference; lastKnownFileType = sourcecode.swift; path = AppDiagnosticEvent.swift; sourceTree = "<group>"; };
		57511556AE5269E42E5009D8 /* HealthOverviewCard.swift */ = {isa = PBXFileReference; lastKnownFileType = sourcecode.swift; path = HealthOverviewCard.swift; sourceTree = "<group>"; };
		5DDC170C34A4EF2F9E770624 /* HealthDetailView.swift */ = {isa = PBXFileReference; lastKnownFileType = sourcecode.swift; path = HealthDetailView.swift; sourceTree = "<group>"; };
		655FC160BE3D9698CE13C341 /* MetricTileView.swift */ = {isa = PBXFileReference; lastKnownFileType = sourcecode.swift; path = MetricTileView.swift; sourceTree = "<group>"; };
		6E9910DB1DD2868FFFE04B8F /* StatusCardView.swift */ = {isa = PBXFileReference; lastKnownFileType = sourcecode.swift; path = StatusCardView.swift; sourceTree = "<group>"; };
		6EE1AA760E50DB0121FFAFC3 /* Place.swift */ = {isa = PBXFileReference; lastKnownFileType = sourcecode.swift; path = Place.swift; sourceTree = "<group>"; };
		70997C2DFDCBB92162F22A42 /* LocationRowView.swift */ = {isa = PBXFileReference; lastKnownFileType = sourcecode.swift; path = LocationRowView.swift; sourceTree = "<group>"; };
		85E88E858A8A67B535254A02 /* DispatchStore.swift */ = {isa = PBXFileReference; lastKnownFileType = sourcecode.swift; path = DispatchStore.swift; sourceTree = "<group>"; };
		877A2ABB264BA461E7E6175D /* EditorialDesignSystem.swift */ = {isa = PBXFileReference; lastKnownFileType = sourcecode.swift; path = EditorialDesignSystem.swift; sourceTree = "<group>"; };
		8C2222D1ECB14B14A059D481 /* DispatchThread.swift */ = {isa = PBXFileReference; lastKnownFileType = sourcecode.swift; path = DispatchThread.swift; sourceTree = "<group>"; };
		8C31DC2507E266A61FD54AAF /* Info.plist */ = {isa = PBXFileReference; lastKnownFileType = text.plist; path = Info.plist; sourceTree = "<group>"; };
		9AABB5A5B4D8FAAAB0657EB5 /* PermissionBannerView.swift */ = {isa = PBXFileReference; lastKnownFileType = sourcecode.swift; path = PermissionBannerView.swift; sourceTree = "<group>"; };
		A64856389980D1D73A2DC3C3 /* HermesCompanion.app */ = {isa = PBXFileReference; includeInIndex = 0; lastKnownFileType = wrapper.application; path = HermesCompanion.app; sourceTree = BUILT_PRODUCTS_DIR; };
		A76C9B08427B07439AE47D1E /* MainTabView.swift */ = {isa = PBXFileReference; lastKnownFileType = sourcecode.swift; path = MainTabView.swift; sourceTree = "<group>"; };
		ACD3FF5E5C9AE57B0F7C65B5 /* Assets.xcassets */ = {isa = PBXFileReference; lastKnownFileType = folder.assetcatalog; path = Assets.xcassets; sourceTree = "<group>"; };
		C1CCEDA5B4EA8AC59750808B /* BackgroundTaskManager.swift */ = {isa = PBXFileReference; lastKnownFileType = sourcecode.swift; path = BackgroundTaskManager.swift; sourceTree = "<group>"; };
		C691BD9A582EDEE8459543D6 /* LocationManager.swift */ = {isa = PBXFileReference; lastKnownFileType = sourcecode.swift; path = LocationManager.swift; sourceTree = "<group>"; };
		C8F99D2373E2B88B93E58B81 /* SettingsView.swift */ = {isa = PBXFileReference; lastKnownFileType = sourcecode.swift; path = SettingsView.swift; sourceTree = "<group>"; };
		C9CA33808A50BEF00B6C2338 /* EditorialLoadingView.swift */ = {isa = PBXFileReference; lastKnownFileType = sourcecode.swift; path = EditorialLoadingView.swift; sourceTree = "<group>"; };
		CC4FF56BB8CDA7A346691612 /* LocationRecord.swift */ = {isa = PBXFileReference; lastKnownFileType = sourcecode.swift; path = LocationRecord.swift; sourceTree = "<group>"; };
		CD9CCDD8BC1F05D3F64A7992 /* DashboardView.swift */ = {isa = PBXFileReference; lastKnownFileType = sourcecode.swift; path = DashboardView.swift; sourceTree = "<group>"; };
		DA5FEEEFC2590B1CFF74C949 /* HermesCompanionApp.swift */ = {isa = PBXFileReference; lastKnownFileType = sourcecode.swift; path = HermesCompanionApp.swift; sourceTree = "<group>"; };
		F3F837EEC8319BE295D0739B /* CloudKitSyncManager.swift */ = {isa = PBXFileReference; lastKnownFileType = sourcecode.swift; path = CloudKitSyncManager.swift; sourceTree = "<group>"; };
/* End PBXFileReference section */

/* Begin PBXGroup section */
		0A9B110F16C46DB1C013820C /* Services */ = {
			isa = PBXGroup;
			children = (
				C1CCEDA5B4EA8AC59750808B /* BackgroundTaskManager.swift */,
				F3F837EEC8319BE295D0739B /* CloudKitSyncManager.swift */,
				85E88E858A8A67B535254A02 /* DispatchStore.swift */,
				2187FF074AF20A5A8489B88E /* HealthKitManager.swift */,
				C691BD9A582EDEE8459543D6 /* LocationManager.swift */,
				3231767A4F3C749850EDCD51 /* LocationStore.swift */,
				3598323BB305AA350E1DCC0E /* PlacesStore.swift */,
			);
			path = Services;
			sourceTree = "<group>";
		};
		25B8D3BEB6625842A555C5BE /* Views */ = {
			isa = PBXGroup;
			children = (
				CD9CCDD8BC1F05D3F64A7992 /* DashboardView.swift */,
				C9CA33808A50BEF00B6C2338 /* EditorialLoadingView.swift */,
				10F3163AF5FF0449464E85D2 /* EditorialOnboardingView.swift */,
				5DDC170C34A4EF2F9E770624 /* HealthDetailView.swift */,
				199001EF17CEBCAEA2655885 /* HistoryLogView.swift */,
				A76C9B08427B07439AE47D1E /* MainTabView.swift */,
				0EFE0931FA7D1F772DF2DA51 /* PlacesView.swift */,
				296A94CAC0FCF9081E2CB40E /* PostInboxView.swift */,
				C8F99D2373E2B88B93E58B81 /* SettingsView.swift */,
				427369EA2001B3948EEC457D /* Components */,
				761A84BC86AC90CEF676D765 /* DesignSystem */,
			);
			path = Views;
			sourceTree = "<group>";
		};
		396DEF30D87976E05A74CB21 = {
			isa = PBXGroup;
			children = (
				AF07E3B445B7EFDEE0BC05D1 /* HermesCompanion */,
				528A6F70550B0766167EF200 /* Products */,
			);
			sourceTree = "<group>";
		};
		427369EA2001B3948EEC457D /* Components */ = {
			isa = PBXGroup;
			children = (
				57511556AE5269E42E5009D8 /* HealthOverviewCard.swift */,
				41936FF57240EAB288E175C2 /* ICloudAccountBannerView.swift */,
				70997C2DFDCBB92162F22A42 /* LocationRowView.swift */,
				655FC160BE3D9698CE13C341 /* MetricTileView.swift */,
				9AABB5A5B4D8FAAAB0657EB5 /* PermissionBannerView.swift */,
				6E9910DB1DD2868FFFE04B8F /* StatusCardView.swift */,
			);
			path = Components;
			sourceTree = "<group>";
		};
		4584E39F794FFA9097DBAFAB /* App */ = {
			isa = PBXGroup;
			children = (
				158496746D6DB3BF103D99F3 /* AppDelegate.swift */,
				DA5FEEEFC2590B1CFF74C949 /* HermesCompanionApp.swift */,
			);
			path = App;
			sourceTree = "<group>";
		};
		528A6F70550B0766167EF200 /* Products */ = {
			isa = PBXGroup;
			children = (
				A64856389980D1D73A2DC3C3 /* HermesCompanion.app */,
			);
			name = Products;
			sourceTree = "<group>";
		};
		761A84BC86AC90CEF676D765 /* DesignSystem */ = {
			isa = PBXGroup;
			children = (
				877A2ABB264BA461E7E6175D /* EditorialDesignSystem.swift */,
			);
			path = DesignSystem;
			sourceTree = "<group>";
		};
		7939F4EE56438D4A8D21FBD7 /* Resources */ = {
			isa = PBXGroup;
			children = (
				ACD3FF5E5C9AE57B0F7C65B5 /* Assets.xcassets */,
				482DFD3630EAAC5A5D148E16 /* HermesCompanion.entitlements */,
				8C31DC2507E266A61FD54AAF /* Info.plist */,
			);
			path = Resources;
			sourceTree = "<group>";
		};
		AF07E3B445B7EFDEE0BC05D1 /* HermesCompanion */ = {
			isa = PBXGroup;
			children = (
				4584E39F794FFA9097DBAFAB /* App */,
				C30CE135B304653AF6E6DE08 /* Models */,
				7939F4EE56438D4A8D21FBD7 /* Resources */,
				0A9B110F16C46DB1C013820C /* Services */,
				25B8D3BEB6625842A555C5BE /* Views */,
			);
			path = HermesCompanion;
			sourceTree = "<group>";
		};
		C30CE135B304653AF6E6DE08 /* Models */ = {
			isa = PBXGroup;
			children = (
				43FE4F61A1294A9F4688DF15 /* AgentProfile.swift */,
				485A91DA6EC9A98E1AF9027B /* AppDiagnosticEvent.swift */,
				8C2222D1ECB14B14A059D481 /* DispatchThread.swift */,
				3D31B68B16CFA0619FB293A5 /* HealthSnapshot.swift */,
				CC4FF56BB8CDA7A346691612 /* LocationRecord.swift */,
				6EE1AA760E50DB0121FFAFC3 /* Place.swift */,
				3E346E61B87FBF95529DFA97 /* TrackingConfiguration.swift */,
			);
			path = Models;
			sourceTree = "<group>";
		};
/* End PBXGroup section */

/* Begin PBXNativeTarget section */
		2FCC291CB54A965A8FBCF67F /* HermesCompanion */ = {
			isa = PBXNativeTarget;
			buildConfigurationList = 881D87CA168E0B21F98ED501 /* Build configuration list for PBXNativeTarget "HermesCompanion" */;
			buildPhases = (
				E510685563AA8BF3FA7686BD /* Sources */,
				B33D0AF3B4A1C8A04A83E73E /* Resources */,
			);
			buildRules = (
			);
			dependencies = (
			);
			name = HermesCompanion;
			packageProductDependencies = (
			);
			productName = HermesCompanion;
			productReference = A64856389980D1D73A2DC3C3 /* HermesCompanion.app */;
			productType = "com.apple.product-type.application";
		};
/* End PBXNativeTarget section */

/* Begin PBXProject section */
		3E7F1B91E50A184ED7195582 /* Project object */ = {
			isa = PBXProject;
			attributes = {
				BuildIndependentTargetsInParallel = YES;
				LastUpgradeCheck = 1600;
				TargetAttributes = {
					2FCC291CB54A965A8FBCF67F = {
						ProvisioningStyle = Automatic;
					};
				};
			};
			buildConfigurationList = EC70DD1BF27368D147734E05 /* Build configuration list for PBXProject "HermesCompanion" */;
			developmentRegion = en;
			hasScannedForEncodings = 0;
			knownRegions = (
				Base,
				en,
			);
			mainGroup = 396DEF30D87976E05A74CB21;
			minimizedProjectReferenceProxies = 1;
			preferredProjectObjectVersion = 77;
			productRefGroup = 528A6F70550B0766167EF200 /* Products */;
			projectDirPath = "";
			projectRoot = "";
			targets = (
				2FCC291CB54A965A8FBCF67F /* HermesCompanion */,
			);
		};
/* End PBXProject section */

/* Begin PBXResourcesBuildPhase section */
		B33D0AF3B4A1C8A04A83E73E /* Resources */ = {
			isa = PBXResourcesBuildPhase;
			buildActionMask = 2147483647;
			files = (
				C7CD349E260C56EA76CBB3CD /* Assets.xcassets in Resources */,
			);
			runOnlyForDeploymentPostprocessing = 0;
		};
/* End PBXResourcesBuildPhase section */

/* Begin PBXSourcesBuildPhase section */
		E510685563AA8BF3FA7686BD /* Sources */ = {
			isa = PBXSourcesBuildPhase;
			buildActionMask = 2147483647;
			files = (
				942C65960E512ECFDCAF7F75 /* AgentProfile.swift in Sources */,
				425C3943A223A2A6B851E29D /* AppDelegate.swift in Sources */,
				39533FEBD10F0D1AA79BD1FB /* AppDiagnosticEvent.swift in Sources */,
				7967632A74989A6A5B219DBF /* BackgroundTaskManager.swift in Sources */,
				F0A80981BBC8B6168E73D9A4 /* CloudKitSyncManager.swift in Sources */,
				1B2E78F66602838584AC2864 /* DashboardView.swift in Sources */,
				F632412B12E981840D40C4C8 /* DispatchStore.swift in Sources */,
				2915E882B297A7B6DDC4CE11 /* DispatchThread.swift in Sources */,
				E29462E6F149BCCD9C12C5F3 /* EditorialDesignSystem.swift in Sources */,
				4006B37325696A198594068F /* EditorialLoadingView.swift in Sources */,
				082C30301E16F666593C8122 /* EditorialOnboardingView.swift in Sources */,
				0BC4378EC9D6DA6EF4976726 /* HealthDetailView.swift in Sources */,
				AF8096125F0073D4D8DB9B82 /* HealthKitManager.swift in Sources */,
				480E74AD265AED43BD4171C4 /* HealthOverviewCard.swift in Sources */,
				8D1C50BEA55F8A9624F06270 /* HealthSnapshot.swift in Sources */,
				6FAABD5A3125E1D0FE9A82F0 /* HermesCompanionApp.swift in Sources */,
				E50B06B300899EE43F70AA19 /* HistoryLogView.swift in Sources */,
				8E2FEC7B43A3250163CFF287 /* ICloudAccountBannerView.swift in Sources */,
				DD2E34F805F40022995F2DB8 /* LocationManager.swift in Sources */,
				3C4B1B6861FEC87882AB44F9 /* LocationRecord.swift in Sources */,
				80F8DCBE2B689E3DAB128D47 /* LocationRowView.swift in Sources */,
				2E75C045551A8FF00EAB09BF /* LocationStore.swift in Sources */,
				4C558C0FE3B3C778EA833664 /* MainTabView.swift in Sources */,
				391D0DF35B83873766C5DE76 /* MetricTileView.swift in Sources */,
				02A463072A6594D4DFFFA091 /* PermissionBannerView.swift in Sources */,
				E4CC7A7DDD493988799DE7E8 /* Place.swift in Sources */,
				5BD3F7A90AC5977112B1565E /* PlacesStore.swift in Sources */,
				5DF60949E493F4422C547FE3 /* PlacesView.swift in Sources */,
				F418CFCA68ECF5CE891DF8CE /* PostInboxView.swift in Sources */,
				AB05082DE43399C35A507360 /* SettingsView.swift in Sources */,
				E49D6E26EADC4F184C331174 /* StatusCardView.swift in Sources */,
				2AFDDE94090C3D9B5687B52C /* TrackingConfiguration.swift in Sources */,
			);
			runOnlyForDeploymentPostprocessing = 0;
		};
/* End PBXSourcesBuildPhase section */

/* Begin XCBuildConfiguration section */
		6BA798C7A60A46CF8FC268EB /* Release */ = {
			isa = XCBuildConfiguration;
			buildSettings = {
				ASSETCATALOG_COMPILER_APPICON_NAME = AppIcon;
				ASSETCATALOG_COMPILER_GLOBAL_ACCENT_COLOR_NAME = AccentColor;
				CODE_SIGNING_ALLOWED = YES;
				CODE_SIGNING_REQUIRED = YES;
				CODE_SIGN_ENTITLEMENTS = HermesCompanion/Resources/HermesCompanion.entitlements;
				CODE_SIGN_IDENTITY = "Apple Development";
				CODE_SIGN_STYLE = Automatic;
				INFOPLIST_FILE = HermesCompanion/Resources/Info.plist;
				IPHONEOS_DEPLOYMENT_TARGET = 17.0;
				LD_RUNPATH_SEARCH_PATHS = (
					"$(inherited)",
					"@executable_path/Frameworks",
				);
				PRODUCT_BUNDLE_IDENTIFIER = com.hermes.HermesCompanion;
				PRODUCT_NAME = HermesCompanion;
				SDKROOT = iphoneos;
				TARGETED_DEVICE_FAMILY = "1,2";
			};
			name = Release;
		};
		6EE02AE42D14AE659313DBC4 /* Debug */ = {
			isa = XCBuildConfiguration;
			buildSettings = {
				ASSETCATALOG_COMPILER_APPICON_NAME = AppIcon;
				ASSETCATALOG_COMPILER_GLOBAL_ACCENT_COLOR_NAME = AccentColor;
				CODE_SIGNING_ALLOWED = YES;
				CODE_SIGNING_REQUIRED = YES;
				CODE_SIGN_ENTITLEMENTS = HermesCompanion/Resources/HermesCompanion.entitlements;
				CODE_SIGN_IDENTITY = "Apple Development";
				CODE_SIGN_STYLE = Automatic;
				INFOPLIST_FILE = HermesCompanion/Resources/Info.plist;
				IPHONEOS_DEPLOYMENT_TARGET = 17.0;
				LD_RUNPATH_SEARCH_PATHS = (
					"$(inherited)",
					"@executable_path/Frameworks",
				);
				PRODUCT_BUNDLE_IDENTIFIER = com.hermes.HermesCompanion;
				PRODUCT_NAME = HermesCompanion;
				SDKROOT = iphoneos;
				TARGETED_DEVICE_FAMILY = "1,2";
			};
			name = Debug;
		};
		74E829D9D2333514F99848F9 /* Debug */ = {
			isa = XCBuildConfiguration;
			buildSettings = {
				ALWAYS_SEARCH_USER_PATHS = NO;
				CLANG_ANALYZER_NONNULL = YES;
				CLANG_ANALYZER_NUMBER_OBJECT_CONVERSION = YES_AGGRESSIVE;
				CLANG_CXX_LANGUAGE_STANDARD = "gnu++14";
				CLANG_CXX_LIBRARY = "libc++";
				CLANG_ENABLE_MODULES = YES;
				CLANG_ENABLE_OBJC_ARC = YES;
				CLANG_ENABLE_OBJC_WEAK = YES;
				CLANG_WARN_BLOCK_CAPTURE_AUTORELEASING = YES;
				CLANG_WARN_BOOL_CONVERSION = YES;
				CLANG_WARN_COMMA = YES;
				CLANG_WARN_CONSTANT_CONVERSION = YES;
				CLANG_WARN_DEPRECATED_OBJC_IMPLEMENTATIONS = YES;
				CLANG_WARN_DIRECT_OBJC_ISA_USAGE = YES_ERROR;
				CLANG_WARN_DOCUMENTATION_COMMENTS = YES;
				CLANG_WARN_EMPTY_BODY = YES;
				CLANG_WARN_ENUM_CONVERSION = YES;
				CLANG_WARN_INFINITE_RECURSION = YES;
				CLANG_WARN_INT_CONVERSION = YES;
				CLANG_WARN_NON_LITERAL_NULL_CONVERSION = YES;
				CLANG_WARN_OBJC_IMPLICIT_RETAIN_SELF = YES;
				CLANG_WARN_OBJC_LITERAL_CONVERSION = YES;
				CLANG_WARN_OBJC_ROOT_CLASS = YES_ERROR;
				CLANG_WARN_QUOTED_INCLUDE_IN_FRAMEWORK_HEADER = YES;
				CLANG_WARN_RANGE_LOOP_ANALYSIS = YES;
				CLANG_WARN_STRICT_PROTOTYPES = YES;
				CLANG_WARN_SUSPICIOUS_MOVE = YES;
				CLANG_WARN_UNGUARDED_AVAILABILITY = YES_AGGRESSIVE;
				CLANG_WARN_UNREACHABLE_CODE = YES;
				CLANG_WARN__DUPLICATE_METHOD_MATCH = YES;
				COPY_PHASE_STRIP = NO;
				DEBUG_INFORMATION_FORMAT = dwarf;
				ENABLE_STRICT_OBJC_MSGSEND = YES;
				ENABLE_TESTABILITY = YES;
				GCC_C_LANGUAGE_STANDARD = gnu11;
				GCC_DYNAMIC_NO_PIC = NO;
				GCC_NO_COMMON_BLOCKS = YES;
				GCC_OPTIMIZATION_LEVEL = 0;
				GCC_PREPROCESSOR_DEFINITIONS = (
					"$(inherited)",
					"DEBUG=1",
				);
				GCC_WARN_64_TO_32_BIT_CONVERSION = YES;
				GCC_WARN_ABOUT_RETURN_TYPE = YES_ERROR;
				GCC_WARN_UNDECLARED_SELECTOR = YES;
				GCC_WARN_UNINITIALIZED_AUTOS = YES_AGGRESSIVE;
				GCC_WARN_UNUSED_FUNCTION = YES;
				GCC_WARN_UNUSED_VARIABLE = YES;
				IPHONEOS_DEPLOYMENT_TARGET = 17.0;
				MTL_ENABLE_DEBUG_INFO = INCLUDE_SOURCE;
				MTL_FAST_MATH = YES;
				ONLY_ACTIVE_ARCH = YES;
				PRODUCT_NAME = "$(TARGET_NAME)";
				SDKROOT = iphoneos;
				SWIFT_ACTIVE_COMPILATION_CONDITIONS = DEBUG;
				SWIFT_OPTIMIZATION_LEVEL = "-Onone";
				SWIFT_VERSION = 5.0;
			};
			name = Debug;
		};
		A73340FC71F11B0963074E5A /* Release */ = {
			isa = XCBuildConfiguration;
			buildSettings = {
				ALWAYS_SEARCH_USER_PATHS = NO;
				CLANG_ANALYZER_NONNULL = YES;
				CLANG_ANALYZER_NUMBER_OBJECT_CONVERSION = YES_AGGRESSIVE;
				CLANG_CXX_LANGUAGE_STANDARD = "gnu++14";
				CLANG_CXX_LIBRARY = "libc++";
				CLANG_ENABLE_MODULES = YES;
				CLANG_ENABLE_OBJC_ARC = YES;
				CLANG_ENABLE_OBJC_WEAK = YES;
				CLANG_WARN_BLOCK_CAPTURE_AUTORELEASING = YES;
				CLANG_WARN_BOOL_CONVERSION = YES;
				CLANG_WARN_COMMA = YES;
				CLANG_WARN_CONSTANT_CONVERSION = YES;
				CLANG_WARN_DEPRECATED_OBJC_IMPLEMENTATIONS = YES;
				CLANG_WARN_DIRECT_OBJC_ISA_USAGE = YES_ERROR;
				CLANG_WARN_DOCUMENTATION_COMMENTS = YES;
				CLANG_WARN_EMPTY_BODY = YES;
				CLANG_WARN_ENUM_CONVERSION = YES;
				CLANG_WARN_INFINITE_RECURSION = YES;
				CLANG_WARN_INT_CONVERSION = YES;
				CLANG_WARN_NON_LITERAL_NULL_CONVERSION = YES;
				CLANG_WARN_OBJC_IMPLICIT_RETAIN_SELF = YES;
				CLANG_WARN_OBJC_LITERAL_CONVERSION = YES;
				CLANG_WARN_OBJC_ROOT_CLASS = YES_ERROR;
				CLANG_WARN_QUOTED_INCLUDE_IN_FRAMEWORK_HEADER = YES;
				CLANG_WARN_RANGE_LOOP_ANALYSIS = YES;
				CLANG_WARN_STRICT_PROTOTYPES = YES;
				CLANG_WARN_SUSPICIOUS_MOVE = YES;
				CLANG_WARN_UNGUARDED_AVAILABILITY = YES_AGGRESSIVE;
				CLANG_WARN_UNREACHABLE_CODE = YES;
				CLANG_WARN__DUPLICATE_METHOD_MATCH = YES;
				COPY_PHASE_STRIP = NO;
				DEBUG_INFORMATION_FORMAT = "dwarf-with-dsym";
				ENABLE_NS_ASSERTIONS = NO;
				ENABLE_STRICT_OBJC_MSGSEND = YES;
				GCC_C_LANGUAGE_STANDARD = gnu11;
				GCC_NO_COMMON_BLOCKS = YES;
				GCC_WARN_64_TO_32_BIT_CONVERSION = YES;
				GCC_WARN_ABOUT_RETURN_TYPE = YES_ERROR;
				GCC_WARN_UNDECLARED_SELECTOR = YES;
				GCC_WARN_UNINITIALIZED_AUTOS = YES_AGGRESSIVE;
				GCC_WARN_UNUSED_FUNCTION = YES;
				GCC_WARN_UNUSED_VARIABLE = YES;
				IPHONEOS_DEPLOYMENT_TARGET = 17.0;
				MTL_ENABLE_DEBUG_INFO = NO;
				MTL_FAST_MATH = YES;
				PRODUCT_NAME = "$(TARGET_NAME)";
				SDKROOT = iphoneos;
				SWIFT_COMPILATION_MODE = wholemodule;
				SWIFT_OPTIMIZATION_LEVEL = "-O";
				SWIFT_VERSION = 5.0;
			};
			name = Release;
		};
/* End XCBuildConfiguration section */

/* Begin XCConfigurationList section */
		881D87CA168E0B21F98ED501 /* Build configuration list for PBXNativeTarget "HermesCompanion" */ = {
			isa = XCConfigurationList;
			buildConfigurations = (
				6EE02AE42D14AE659313DBC4 /* Debug */,
				6BA798C7A60A46CF8FC268EB /* Release */,
			);
			defaultConfigurationIsVisible = 0;
			defaultConfigurationName = Debug;
		};
		EC70DD1BF27368D147734E05 /* Build configuration list for PBXProject "HermesCompanion" */ = {
			isa = XCConfigurationList;
			buildConfigurations = (
				74E829D9D2333514F99848F9 /* Debug */,
				A73340FC71F11B0963074E5A /* Release */,
			);
			defaultConfigurationIsVisible = 0;
			defaultConfigurationName = Debug;
		};
/* End XCConfigurationList section */
	};
	rootObject = 3E7F1B91E50A184ED7195582 /* Project object */;
}
